
Microsoft Visual Studio Solution File, Format Version 12.00
# Visual Studio Version 17
VisualStudioVersion = 17.2.32616.157
MinimumVisualStudioVersion = 10.0.40219.1
Project("{FAE04EC0-301F-11D3-BF4B-00C04F79EFBC}") = "circle1", "circle1\circle1.csproj", "{57970264-820E-4AAE-B031-3AEB3C18550D}"
EndProject
Global
	GlobalSection(SolutionConfigurationPlatforms) = preSolution
		Debug|Any CPU = Debug|Any CPU
		Release|Any CPU = Release|Any CPU
	EndGlobalSection
	GlobalSection(ProjectConfigurationPlatforms) = postSolution
		{57970264-820E-4AAE-B031-3AEB3C18550D}.Debug|Any CPU.ActiveCfg = Debug|Any CPU
		{57970264-820E-4AAE-B031-3AEB3C18550D}.Debug|Any CPU.Build.0 = Debug|Any CPU
		{57970264-820E-4AAE-B031-3AEB3C18550D}.Release|Any CPU.ActiveCfg = Release|Any CPU
		{57970264-820E-4AAE-B031-3AEB3C18550D}.Release|Any CPU.Build.0 = Release|Any CPU
	EndGlobalSection
	GlobalSection(SolutionProperties) = preSolution
		HideSolutionNode = FALSE
	EndGlobalSection
	GlobalSection(ExtensibilityGlobals) = postSolution
		SolutionGuid = {EADEA046-065C-40C8-A5F1-2DC9CF23BDF1}
	EndGlobalSection
EndGlobal
